
Microsoft Visual Studio Solution File, Format Version 12.00
# Visual Studio Version 16
VisualStudioVersion = 16.0.30611.23
MinimumVisualStudioVersion = 10.0.40219.1
Project("{FAE04EC0-301F-11D3-BF4B-00C04F79EFBC}") = "OmerCanberkKandemir", "OmerCanberkKandemir.csproj", "{26934CED-FAF1-4FAE-A9AF-A33DC23906FD}"
EndProject
Global
	GlobalSection(SolutionConfigurationPlatforms) = preSolution
		Debug|Any CPU = Debug|Any CPU
		Release|Any CPU = Release|Any CPU
	EndGlobalSection
	GlobalSection(ProjectConfigurationPlatforms) = postSolution
		{26934CED-FAF1-4FAE-A9AF-A33DC23906FD}.Debug|Any CPU.ActiveCfg = Debug|Any CPU
		{26934CED-FAF1-4FAE-A9AF-A33DC23906FD}.Debug|Any CPU.Build.0 = Debug|Any CPU
		{26934CED-FAF1-4FAE-A9AF-A33DC23906FD}.Release|Any CPU.ActiveCfg = Release|Any CPU
		{26934CED-FAF1-4FAE-A9AF-A33DC23906FD}.Release|Any CPU.Build.0 = Release|Any CPU
	EndGlobalSection
	GlobalSection(SolutionProperties) = preSolution
		HideSolutionNode = FALSE
	EndGlobalSection
	GlobalSection(ExtensibilityGlobals) = postSolution
		SolutionGuid = {14E1B531-1BCE-4115-B77B-077B608CCA1D}
	EndGlobalSection
EndGlobal
